<?xml version="1.0" encoding="utf-8"?>
<Project ToolsVersion="4.0" xmlns="http://schemas.microsoft.com/developer/msbuild/2003">
  <ItemGroup>
    <Filter Include="소스 파일">
      <UniqueIdentifier>{4FC737F1-C7A5-4376-A066-2A32D752A2FF}</UniqueIdentifier>
      <Extensions>cpp;c;cc;cxx;c++;cppm;ixx;def;odl;idl;hpj;bat;asm;asmx</Extensions>
    </Filter>
    <Filter Include="헤더 파일">
      <UniqueIdentifier>{93995380-89BD-4b04-88EB-625FBE52EBFB}</UniqueIdentifier>
      <Extensions>h;hh;hpp;hxx;h++;hm;inl;inc;ipp;xsd</Extensions>
    </Filter>
    <Filter Include="리소스 파일">
      <UniqueIdentifier>{67DA6AB6-F800-4c08-8B7A-83BB121AAD01}</UniqueIdentifier>
      <Extensions>rc;ico;cur;bmp;dlg;rc2;rct;bin;rgs;gif;jpg;jpeg;jpe;resx;tiff;tif;png;wav;mfcribbon-ms</Extensions>
    </Filter>
  </ItemGroup>
  <ItemGroup>
    <ClInclude Include="ImgProcAmp.h">
      <Filter>헤더 파일</Filter>
    </ClInclude>
    <ClInclude Include="ImgProcAmpDlg.h">
      <Filter>헤더 파일</Filter>
    </ClInclude>
    <ClInclude Include="framework.h">
      <Filter>헤더 파일</Filter>
    </ClInclude>
    <ClInclude Include="targetver.h">
      <Filter>헤더 파일</Filter>
    </ClInclude>
    <ClInclude Include="Resource.h">
      <Filter>헤더 파일</Filter>
    </ClInclude>
    <ClInclude Include="pch.h">
      <Filter>헤더 파일</Filter>
    </ClInclude>
    <ClInclude Include="add_gdiplus.h">
      <Filter>헤더 파일</Filter>
    </ClInclude>
    <ClInclude Include="add_opencv.h">
      <Filter>헤더 파일</Filter>
    </ClInclude>
    <ClInclude Include="CFormImgList.h">
      <Filter>헤더 파일</Filter>
    </ClInclude>
    <ClInclude Include="CModiButton.h">
      <Filter>헤더 파일</Filter>
    </ClInclude>
    <ClInclude Include="CModiScrollBar.h">
      <Filter>헤더 파일</Filter>
    </ClInclude>
    <ClInclude Include="CommonUtil.h">
      <Filter>헤더 파일</Filter>
    </ClInclude>
    <ClInclude Include="def.h">
      <Filter>헤더 파일</Filter>
    </ClInclude>
    <ClInclude Include="CModRadioBtn.h">
      <Filter>헤더 파일</Filter>
    </ClInclude>
    <ClInclude Include="CModCheckBox.h">
      <Filter>헤더 파일</Filter>
    </ClInclude>
    <ClInclude Include="CThreadProc.h">
      <Filter>헤더 파일</Filter>
    </ClInclude>
    <ClInclude Include="CDlgPopup.h">
      <Filter>헤더 파일</Filter>
    </ClInclude>
    <ClInclude Include="CImgProc.h">
      <Filter>헤더 파일</Filter>
    </ClInclude>
    <ClInclude Include="CFormImg.h">
      <Filter>헤더 파일</Filter>
    </ClInclude>
  </ItemGroup>
  <ItemGroup>
    <ClCompile Include="ImgProcAmp.cpp">
      <Filter>소스 파일</Filter>
    </ClCompile>
    <ClCompile Include="ImgProcAmpDlg.cpp">
      <Filter>소스 파일</Filter>
    </ClCompile>
    <ClCompile Include="pch.cpp">
      <Filter>소스 파일</Filter>
    </ClCompile>
    <ClCompile Include="add_gdiplus.cpp">
      <Filter>소스 파일</Filter>
    </ClCompile>
    <ClCompile Include="CFormImgList.cpp">
      <Filter>소스 파일</Filter>
    </ClCompile>
    <ClCompile Include="CModiButton.cpp">
      <Filter>소스 파일</Filter>
    </ClCompile>
    <ClCompile Include="CModiScrollBar.cpp">
      <Filter>소스 파일</Filter>
    </ClCompile>
    <ClCompile Include="CommonUtil.cpp">
      <Filter>소스 파일</Filter>
    </ClCompile>
    <ClCompile Include="CModRadioBtn.cpp">
      <Filter>소스 파일</Filter>
    </ClCompile>
    <ClCompile Include="CModCheckBox.cpp">
      <Filter>소스 파일</Filter>
    </ClCompile>
    <ClCompile Include="CThreadProc.cpp">
      <Filter>소스 파일</Filter>
    </ClCompile>
    <ClCompile Include="CDlgPopup.cpp">
      <Filter>소스 파일</Filter>
    </ClCompile>
    <ClCompile Include="CImgProc.cpp">
      <Filter>소스 파일</Filter>
    </ClCompile>
    <ClCompile Include="CFormImg.cpp">
      <Filter>소스 파일</Filter>
    </ClCompile>
  </ItemGroup>
  <ItemGroup>
    <ResourceCompile Include="ImgProcAmp.rc">
      <Filter>리소스 파일</Filter>
    </ResourceCompile>
  </ItemGroup>
  <ItemGroup>
    <None Include="res\ImgProcAmp.rc2">
      <Filter>리소스 파일</Filter>
    </None>
  </ItemGroup>
  <ItemGroup>
    <Image Include="res\ImgProcAmp.ico">
      <Filter>리소스 파일</Filter>
    </Image>
  </ItemGroup>
</Project>